
Microsoft Visual Studio Solution File, Format Version 12.00
# Visual Studio 15
VisualStudioVersion = 15.0.28307.1209
MinimumVisualStudioVersion = 10.0.40219.1
Project("{FAE04EC0-301F-11D3-BF4B-00C04F79EFBC}") = "mantis_tests-project-webservice", "mantis_tests-project-webservice\mantis_tests-project-webservice.csproj", "{F5231C6C-D953-4950-8BD9-7FCB93065F4A}"
EndProject
Global
	GlobalSection(SolutionConfigurationPlatforms) = preSolution
		Debug|Any CPU = Debug|Any CPU
		Release|Any CPU = Release|Any CPU
	EndGlobalSection
	GlobalSection(ProjectConfigurationPlatforms) = postSolution
		{F5231C6C-D953-4950-8BD9-7FCB93065F4A}.Debug|Any CPU.ActiveCfg = Debug|Any CPU
		{F5231C6C-D953-4950-8BD9-7FCB93065F4A}.Debug|Any CPU.Build.0 = Debug|Any CPU
		{F5231C6C-D953-4950-8BD9-7FCB93065F4A}.Release|Any CPU.ActiveCfg = Release|Any CPU
		{F5231C6C-D953-4950-8BD9-7FCB93065F4A}.Release|Any CPU.Build.0 = Release|Any CPU
	EndGlobalSection
	GlobalSection(SolutionProperties) = preSolution
		HideSolutionNode = FALSE
	EndGlobalSection
	GlobalSection(ExtensibilityGlobals) = postSolution
		SolutionGuid = {B733C49D-BDDA-4CE2-884E-B23405A5DD3D}
	EndGlobalSection
EndGlobal
