
Microsoft Visual Studio Solution File, Format Version 12.00
# Visual Studio 15
VisualStudioVersion = 15.0.28307.1209
MinimumVisualStudioVersion = 10.0.40219.1
Project("{FAE04EC0-301F-11D3-BF4B-00C04F79EFBC}") = "addressbook_test_autoit", "addressbook_test_autoit\addressbook_test_autoit.csproj", "{81C8BE5A-6BF3-4799-8E2B-44033F86AF02}"
EndProject
Global
	GlobalSection(SolutionConfigurationPlatforms) = preSolution
		Debug|Any CPU = Debug|Any CPU
		Release|Any CPU = Release|Any CPU
	EndGlobalSection
	GlobalSection(ProjectConfigurationPlatforms) = postSolution
		{81C8BE5A-6BF3-4799-8E2B-44033F86AF02}.Debug|Any CPU.ActiveCfg = Debug|Any CPU
		{81C8BE5A-6BF3-4799-8E2B-44033F86AF02}.Debug|Any CPU.Build.0 = Debug|Any CPU
		{81C8BE5A-6BF3-4799-8E2B-44033F86AF02}.Release|Any CPU.ActiveCfg = Release|Any CPU
		{81C8BE5A-6BF3-4799-8E2B-44033F86AF02}.Release|Any CPU.Build.0 = Release|Any CPU
	EndGlobalSection
	GlobalSection(SolutionProperties) = preSolution
		HideSolutionNode = FALSE
	EndGlobalSection
	GlobalSection(ExtensibilityGlobals) = postSolution
		SolutionGuid = {2E37E970-1D8B-4482-B1D3-3B26455D92D7}
	EndGlobalSection
EndGlobal
